[ "ex_doc": {:git, "git://github.com/elixir-lang/ex_doc.git", "c13d10aaed19ef05c2c8362b9b555926e9770902", []},
  "gpb": {:git, "git://github.com/tomas-abrahamsson/gpb.git", "cddf3141e05f6d8ddd5d0af47efa03ca27753ed4", []},
  "meck": {:git, "git://github.com/eproxus/meck.git", "2447206f201bab1054c49cd32621eee23fa0ee3b", [{:tag, "0.7.2"}]},
  "mock": {:git, "git://github.com/jjh42/mock.git", "e54a8f8ac3b69b5a610399f7fb5efe65446526eb", []},
  "protobuf": {:git, "git://github.com/cloud8421/elixir-protobuf.git", "f326ed8cd83ad04ee2880be6d14d8e4403714ea6", []} ]
